
Microsoft Visual Studio Solution File, Format Version 12.00
# Visual Studio Version 17
VisualStudioVersion = 17.9.34723.18
MinimumVisualStudioVersion = 10.0.40219.1
Project("{FAE04EC0-301F-11D3-BF4B-00C04F79EFBC}") = "SystemAPI", "SystemAPI\SystemAPI.csproj", "{41965CC3-C959-4992-9ACC-D921E20E34A3}"
EndProject
Global
	GlobalSection(SolutionConfigurationPlatforms) = preSolution
		Debug|Any CPU = Debug|Any CPU
		Release|Any CPU = Release|Any CPU
	EndGlobalSection
	GlobalSection(ProjectConfigurationPlatforms) = postSolution
		{41965CC3-C959-4992-9ACC-D921E20E34A3}.Debug|Any CPU.ActiveCfg = Debug|Any CPU
		{41965CC3-C959-4992-9ACC-D921E20E34A3}.Debug|Any CPU.Build.0 = Debug|Any CPU
		{41965CC3-C959-4992-9ACC-D921E20E34A3}.Release|Any CPU.ActiveCfg = Release|Any CPU
		{41965CC3-C959-4992-9ACC-D921E20E34A3}.Release|Any CPU.Build.0 = Release|Any CPU
	EndGlobalSection
	GlobalSection(SolutionProperties) = preSolution
		HideSolutionNode = FALSE
	EndGlobalSection
	GlobalSection(ExtensibilityGlobals) = postSolution
		SolutionGuid = {2A1D5959-9505-41D6-8B10-EAC429FD32B0}
	EndGlobalSection
EndGlobal
